// !$*UTF8*$!
{
	archiveVersion = 1;
	classes = {
	};
	objectVersion = 56;
	objects = {

/* Begin PBXBuildFile section */
		4785781F2AE6F76700DAB6A9 /* Workout_AppApp.swift in Sources */ = {isa = PBXBuildFile; fileRef = 4785781E2AE6F76700DAB6A9 /* Workout_AppApp.swift */; };
		478578212AE6F76700DAB6A9 /* ContentView.swift in Sources */ = {isa = PBXBuildFile; fileRef = 478578202AE6F76700DAB6A9 /* ContentView.swift */; };
		478578232AE6F76800DAB6A9 /* Assets.xcassets in Resources */ = {isa = PBXBuildFile; fileRef = 478578222AE6F76800DAB6A9 /* Assets.xcassets */; };
		478578272AE6F76800DAB6A9 /* Preview Assets.xcassets in Resources */ = {isa = PBXBuildFile; fileRef = 478578262AE6F76800DAB6A9 /* Preview Assets.xcassets */; };
		478578312AE6F76800DAB6A9 /* Workout_AppTests.swift in Sources */ = {isa = PBXBuildFile; fileRef = 478578302AE6F76800DAB6A9 /* Workout_AppTests.swift */; };
		4785783B2AE6F76800DAB6A9 /* Workout_AppUITests.swift in Sources */ = {isa = PBXBuildFile; fileRef = 4785783A2AE6F76800DAB6A9 /* Workout_AppUITests.swift */; };
		4785783D2AE6F76800DAB6A9 /* Workout_AppUITestsLaunchTests.swift in Sources */ = {isa = PBXBuildFile; fileRef = 4785783C2AE6F76800DAB6A9 /* Workout_AppUITestsLaunchTests.swift */; };
/* End PBXBuildFile section */

/* Begin PBXContainerItemProxy section */
		4785782D2AE6F76800DAB6A9 /* PBXContainerItemProxy */ = {
			isa = PBXContainerItemProxy;
			containerPortal = 478578132AE6F76700DAB6A9 /* Project object */;
			proxyType = 1;
			remoteGlobalIDString = 4785781A2AE6F76700DAB6A9;
			remoteInfo = "Workout App";
		};
		478578372AE6F76800DAB6A9 /* PBXContainerItemProxy */ = {
			isa = PBXContainerItemProxy;
			containerPortal = 478578132AE6F76700DAB6A9 /* Project object */;
			proxyType = 1;
			remoteGlobalIDString = 4785781A2AE6F76700DAB6A9;
			remoteInfo = "Workout App";
		};
/* End PBXContainerItemProxy section */

/* Begin PBXFileReference section */
		4785781B2AE6F76700DAB6A9 /* Workout App.app */ = {isa = PBXFileReference; explicitFileType = wrapper.application; includeInIndex = 0; path = "Workout App.app"; sourceTree = BUILT_PRODUCTS_DIR; };
		4785781E2AE6F76700DAB6A9 /* Workout_AppApp.swift */ = {isa = PBXFileReference; lastKnownFileType = sourcecode.swift; path = Workout_AppApp.swift; sourceTree = "<group>"; };
		478578202AE6F76700DAB6A9 /* ContentView.swift */ = {isa = PBXFileReference; lastKnownFileType = sourcecode.swift; path = ContentView.swift; sourceTree = "<group>"; };
		478578222AE6F76800DAB6A9 /* Assets.xcassets */ = {isa = PBXFileReference; lastKnownFileType = folder.assetcatalog; path = Assets.xcassets; sourceTree = "<group>"; };
		478578242AE6F76800DAB6A9 /* Workout_App.entitlements */ = {isa = PBXFileReference; lastKnownFileType = text.plist.entitlements; path = Workout_App.entitlements; sourceTree = "<group>"; };
		478578262AE6F76800DAB6A9 /* Preview Assets.xcassets */ = {isa = PBXFileReference; lastKnownFileType = folder.assetcatalog; path = "Preview Assets.xcassets"; sourceTree = "<group>"; };
		4785782C2AE6F76800DAB6A9 /* Workout AppTests.xctest */ = {isa = PBXFileReference; explicitFileType = wrapper.cfbundle; includeInIndex = 0; path = "Workout AppTests.xctest"; sourceTree = BUILT_PRODUCTS_DIR; };
		478578302AE6F76800DAB6A9 /* Workout_AppTests.swift */ = {isa = PBXFileReference; lastKnownFileType = sourcecode.swift; path = Workout_AppTests.swift; sourceTree = "<group>"; };
		478578362AE6F76800DAB6A9 /* Workout AppUITests.xctest */ = {isa = PBXFileReference; explicitFileType = wrapper.cfbundle; includeInIndex = 0; path = "Workout AppUITests.xctest"; sourceTree = BUILT_PRODUCTS_DIR; };
		4785783A2AE6F76800DAB6A9 /* Workout_AppUITests.swift */ = {isa = PBXFileReference; lastKnownFileType = sourcecode.swift; path = Workout_AppUITests.swift; sourceTree = "<group>"; };
		4785783C2AE6F76800DAB6A9 /* Workout_AppUITestsLaunchTests.swift */ = {isa = PBXFileReference; lastKnownFileType = sourcecode.swift; path = Workout_AppUITestsLaunchTests.swift; sourceTree = "<group>"; };
/* End PBXFileReference section */

/* Begin PBXFrameworksBuildPhase section */
		478578182AE6F76700DAB6A9 /* Frameworks */ = {
			isa = PBXFrameworksBuildPhase;
			buildActionMask = 2147483647;
			files = (
			);
			runOnlyForDeploymentPostprocessing = 0;
		};
		478578292AE6F76800DAB6A9 /* Frameworks */ = {
			isa = PBXFrameworksBuildPhase;
			buildActionMask = 2147483647;
			files = (
			);
			runOnlyForDeploymentPostprocessing = 0;
		};
		478578332AE6F76800DAB6A9 /* Frameworks */ = {
			isa = PBXFrameworksBuildPhase;
			buildActionMask = 2147483647;
			files = (
			);
			runOnlyForDeploymentPostprocessing = 0;
		};
/* End PBXFrameworksBuildPhase section */

/* Begin PBXGroup section */
		478578122AE6F76700DAB6A9 = {
			isa = PBXGroup;
			children = (
				4785781D2AE6F76700DAB6A9 /* Workout App */,
				4785782F2AE6F76800DAB6A9 /* Workout AppTests */,
				478578392AE6F76800DAB6A9 /* Workout AppUITests */,
				4785781C2AE6F76700DAB6A9 /* Products */,
			);
			sourceTree = "<group>";
		};
		4785781C2AE6F76700DAB6A9 /* Products */ = {
			isa = PBXGroup;
			children = (
				4785781B2AE6F76700DAB6A9 /* Workout App.app */,
				4785782C2AE6F76800DAB6A9 /* Workout AppTests.xctest */,
				478578362AE6F76800DAB6A9 /* Workout AppUITests.xctest */,
			);
			name = Products;
			sourceTree = "<group>";
		};
		4785781D2AE6F76700DAB6A9 /* Workout App */ = {
			isa = PBXGroup;
			children = (
				4785781E2AE6F76700DAB6A9 /* Workout_AppApp.swift */,
				478578202AE6F76700DAB6A9 /* ContentView.swift */,
				478578222AE6F76800DAB6A9 /* Assets.xcassets */,
				478578242AE6F76800DAB6A9 /* Workout_App.entitlements */,
				478578252AE6F76800DAB6A9 /* Preview Content */,
			);
			path = "Workout App";
			sourceTree = "<group>";
		};
		478578252AE6F76800DAB6A9 /* Preview Content */ = {
			isa = PBXGroup;
			children = (
				478578262AE6F76800DAB6A9 /* Preview Assets.xcassets */,
			);
			path = "Preview Content";
			sourceTree = "<group>";
		};
		4785782F2AE6F76800DAB6A9 /* Workout AppTests */ = {
			isa = PBXGroup;
			children = (
				478578302AE6F76800DAB6A9 /* Workout_AppTests.swift */,
			);
			path = "Workout AppTests";
			sourceTree = "<group>";
		};
		478578392AE6F76800DAB6A9 /* Workout AppUITests */ = {
			isa = PBXGroup;
			children = (
				4785783A2AE6F76800DAB6A9 /* Workout_AppUITests.swift */,
				4785783C2AE6F76800DAB6A9 /* Workout_AppUITestsLaunchTests.swift */,
			);
			path = "Workout AppUITests";
			sourceTree = "<group>";
		};
/* End PBXGroup section */

/* Begin PBXNativeTarget section */
		4785781A2AE6F76700DAB6A9 /* Workout App */ = {
			isa = PBXNativeTarget;
			buildConfigurationList = 478578402AE6F76800DAB6A9 /* Build configuration list for PBXNativeTarget "Workout App" */;
			buildPhases = (
				478578172AE6F76700DAB6A9 /* Sources */,
				478578182AE6F76700DAB6A9 /* Frameworks */,
				478578192AE6F76700DAB6A9 /* Resources */,
			);
			buildRules = (
			);
			dependencies = (
			);
			name = "Workout App";
			productName = "Workout App";
			productReference = 4785781B2AE6F76700DAB6A9 /* Workout App.app */;
			productType = "com.apple.product-type.application";
		};
		4785782B2AE6F76800DAB6A9 /* Workout AppTests */ = {
			isa = PBXNativeTarget;
			buildConfigurationList = 478578432AE6F76800DAB6A9 /* Build configuration list for PBXNativeTarget "Workout AppTests" */;
			buildPhases = (
				478578282AE6F76800DAB6A9 /* Sources */,
				478578292AE6F76800DAB6A9 /* Frameworks */,
				4785782A2AE6F76800DAB6A9 /* Resources */,
			);
			buildRules = (
			);
			dependencies = (
				4785782E2AE6F76800DAB6A9 /* PBXTargetDependency */,
			);
			name = "Workout AppTests";
			productName = "Workout AppTests";
			productReference = 4785782C2AE6F76800DAB6A9 /* Workout AppTests.xctest */;
			productType = "com.apple.product-type.bundle.unit-test";
		};
		478578352AE6F76800DAB6A9 /* Workout AppUITests */ = {
			isa = PBXNativeTarget;
			buildConfigurationList = 478578462AE6F76800DAB6A9 /* Build configuration list for PBXNativeTarget "Workout AppUITests" */;
			buildPhases = (
				478578322AE6F76800DAB6A9 /* Sources */,
				478578332AE6F76800DAB6A9 /* Frameworks */,
				478578342AE6F76800DAB6A9 /* Resources */,
			);
			buildRules = (
			);
			dependencies = (
				478578382AE6F76800DAB6A9 /* PBXTargetDependency */,
			);
			name = "Workout AppUITests";
			productName = "Workout AppUITests";
			productReference = 478578362AE6F76800DAB6A9 /* Workout AppUITests.xctest */;
			productType = "com.apple.product-type.bundle.ui-testing";
		};
/* End PBXNativeTarget section */

/* Begin PBXProject section */
		478578132AE6F76700DAB6A9 /* Project object */ = {
			isa = PBXProject;
			attributes = {
				BuildIndependentTargetsInParallel = 1;
				LastSwiftUpdateCheck = 1430;
				LastUpgradeCheck = 1430;
				TargetAttributes = {
					4785781A2AE6F76700DAB6A9 = {
						CreatedOnToolsVersion = 14.3.1;
					};
					4785782B2AE6F76800DAB6A9 = {
						CreatedOnToolsVersion = 14.3.1;
						TestTargetID = 4785781A2AE6F76700DAB6A9;
					};
					478578352AE6F76800DAB6A9 = {
						CreatedOnToolsVersion = 14.3.1;
						TestTargetID = 4785781A2AE6F76700DAB6A9;
					};
				};
			};
			buildConfigurationList = 478578162AE6F76700DAB6A9 /* Build configuration list for PBXProject "Workout App" */;
			compatibilityVersion = "Xcode 14.0";
			developmentRegion = en;
			hasScannedForEncodings = 0;
			knownRegions = (
				en,
				Base,
			);
			mainGroup = 478578122AE6F76700DAB6A9;
			productRefGroup = 4785781C2AE6F76700DAB6A9 /* Products */;
			projectDirPath = "";
			projectRoot = "";
			targets = (
				4785781A2AE6F76700DAB6A9 /* Workout App */,
				4785782B2AE6F76800DAB6A9 /* Workout AppTests */,
				478578352AE6F76800DAB6A9 /* Workout AppUITests */,
			);
		};
/* End PBXProject section */

/* Begin PBXResourcesBuildPhase section */
		478578192AE6F76700DAB6A9 /* Resources */ = {
			isa = PBXResourcesBuildPhase;
			buildActionMask = 2147483647;
			files = (
				478578272AE6F76800DAB6A9 /* Preview Assets.xcassets in Resources */,
				478578232AE6F76800DAB6A9 /* Assets.xcassets in Resources */,
			);
			runOnlyForDeploymentPostprocessing = 0;
		};
		4785782A2AE6F76800DAB6A9 /* Resources */ = {
			isa = PBXResourcesBuildPhase;
			buildActionMask = 2147483647;
			files = (
			);
			runOnlyForDeploymentPostprocessing = 0;
		};
		478578342AE6F76800DAB6A9 /* Resources */ = {
			isa = PBXResourcesBuildPhase;
			buildActionMask = 2147483647;
			files = (
			);
			runOnlyForDeploymentPostprocessing = 0;
		};
/* End PBXResourcesBuildPhase section */

/* Begin PBXSourcesBuildPhase section */
		478578172AE6F76700DAB6A9 /* Sources */ = {
			isa = PBXSourcesBuildPhase;
			buildActionMask = 2147483647;
			files = (
				478578212AE6F76700DAB6A9 /* ContentView.swift in Sources */,
				4785781F2AE6F76700DAB6A9 /* Workout_AppApp.swift in Sources */,
			);
			runOnlyForDeploymentPostprocessing = 0;
		};
		478578282AE6F76800DAB6A9 /* Sources */ = {
			isa = PBXSourcesBuildPhase;
			buildActionMask = 2147483647;
			files = (
				478578312AE6F76800DAB6A9 /* Workout_AppTests.swift in Sources */,
			);
			runOnlyForDeploymentPostprocessing = 0;
		};
		478578322AE6F76800DAB6A9 /* Sources */ = {
			isa = PBXSourcesBuildPhase;
			buildActionMask = 2147483647;
			files = (
				4785783D2AE6F76800DAB6A9 /* Workout_AppUITestsLaunchTests.swift in Sources */,
				4785783B2AE6F76800DAB6A9 /* Workout_AppUITests.swift in Sources */,
			);
			runOnlyForDeploymentPostprocessing = 0;
		};
/* End PBXSourcesBuildPhase section */

/* Begin PBXTargetDependency section */
		4785782E2AE6F76800DAB6A9 /* PBXTargetDependency */ = {
			isa = PBXTargetDependency;
			target = 4785781A2AE6F76700DAB6A9 /* Workout App */;
			targetProxy = 4785782D2AE6F76800DAB6A9 /* PBXContainerItemProxy */;
		};
		478578382AE6F76800DAB6A9 /* PBXTargetDependency */ = {
			isa = PBXTargetDependency;
			target = 4785781A2AE6F76700DAB6A9 /* Workout App */;
			targetProxy = 478578372AE6F76800DAB6A9 /* PBXContainerItemProxy */;
		};
/* End PBXTargetDependency section */

/* Begin XCBuildConfiguration section */
		4785783E2AE6F76800DAB6A9 /* Debug */ = {
			isa = XCBuildConfiguration;
			buildSettings = {
				ALWAYS_SEARCH_USER_PATHS = NO;
				CLANG_ANALYZER_NONNULL = YES;
				CLANG_ANALYZER_NUMBER_OBJECT_CONVERSION = YES_AGGRESSIVE;
				CLANG_CXX_LANGUAGE_STANDARD = "gnu++20";
				CLANG_ENABLE_MODULES = YES;
				CLANG_ENABLE_OBJC_ARC = YES;
				CLANG_ENABLE_OBJC_WEAK = YES;
				CLANG_WARN_BLOCK_CAPTURE_AUTORELEASING = YES;
				CLANG_WARN_BOOL_CONVERSION = YES;
				CLANG_WARN_COMMA = YES;
				CLANG_WARN_CONSTANT_CONVERSION = YES;
				CLANG_WARN_DEPRECATED_OBJC_IMPLEMENTATIONS = YES;
				CLANG_WARN_DIRECT_OBJC_ISA_USAGE = YES_ERROR;
				CLANG_WARN_DOCUMENTATION_COMMENTS = YES;
				CLANG_WARN_EMPTY_BODY = YES;
				CLANG_WARN_ENUM_CONVERSION = YES;
				CLANG_WARN_INFINITE_RECURSION = YES;
				CLANG_WARN_INT_CONVERSION = YES;
				CLANG_WARN_NON_LITERAL_NULL_CONVERSION = YES;
				CLANG_WARN_OBJC_IMPLICIT_RETAIN_SELF = YES;
				CLANG_WARN_OBJC_LITERAL_CONVERSION = YES;
				CLANG_WARN_OBJC_ROOT_CLASS = YES_ERROR;
				CLANG_WARN_QUOTED_INCLUDE_IN_FRAMEWORK_HEADER = YES;
				CLANG_WARN_RANGE_LOOP_ANALYSIS = YES;
				CLANG_WARN_STRICT_PROTOTYPES = YES;
				CLANG_WARN_SUSPICIOUS_MOVE = YES;
				CLANG_WARN_UNGUARDED_AVAILABILITY = YES_AGGRESSIVE;
				CLANG_WARN_UNREACHABLE_CODE = YES;
				CLANG_WARN__DUPLICATE_METHOD_MATCH = YES;
				COPY_PHASE_STRIP = NO;
				DEBUG_INFORMATION_FORMAT = dwarf;
				ENABLE_STRICT_OBJC_MSGSEND = YES;
				ENABLE_TESTABILITY = YES;
				GCC_C_LANGUAGE_STANDARD = gnu11;
				GCC_DYNAMIC_NO_PIC = NO;
				GCC_NO_COMMON_BLOCKS = YES;
				GCC_OPTIMIZATION_LEVEL = 0;
				GCC_PREPROCESSOR_DEFINITIONS = (
					"DEBUG=1",
					"$(inherited)",
				);
				GCC_WARN_64_TO_32_BIT_CONVERSION = YES;
				GCC_WARN_ABOUT_RETURN_TYPE = YES_ERROR;
				GCC_WARN_UNDECLARED_SELECTOR = YES;
				GCC_WARN_UNINITIALIZED_AUTOS = YES_AGGRESSIVE;
				GCC_WARN_UNUSED_FUNCTION = YES;
				GCC_WARN_UNUSED_VARIABLE = YES;
				MTL_ENABLE_DEBUG_INFO = INCLUDE_SOURCE;
				MTL_FAST_MATH = YES;
				ONLY_ACTIVE_ARCH = YES;
				SWIFT_ACTIVE_COMPILATION_CONDITIONS = DEBUG;
				SWIFT_OPTIMIZATION_LEVEL = "-Onone";
			};
			name = Debug;
		};
		4785783F2AE6F76800DAB6A9 /* Release */ = {
			isa = XCBuildConfiguration;
			buildSettings = {
				ALWAYS_SEARCH_USER_PATHS = NO;
				CLANG_ANALYZER_NONNULL = YES;
				CLANG_ANALYZER_NUMBER_OBJECT_CONVERSION = YES_AGGRESSIVE;
				CLANG_CXX_LANGUAGE_STANDARD = "gnu++20";
				CLANG_ENABLE_MODULES = YES;
				CLANG_ENABLE_OBJC_ARC = YES;
				CLANG_ENABLE_OBJC_WEAK = YES;
				CLANG_WARN_BLOCK_CAPTURE_AUTORELEASING = YES;
				CLANG_WARN_BOOL_CONVERSION = YES;
				CLANG_WARN_COMMA = YES;
				CLANG_WARN_CONSTANT_CONVERSION = YES;
				CLANG_WARN_DEPRECATED_OBJC_IMPLEMENTATIONS = YES;
				CLANG_WARN_DIRECT_OBJC_ISA_USAGE = YES_ERROR;
				CLANG_WARN_DOCUMENTATION_COMMENTS = YES;
				CLANG_WARN_EMPTY_BODY = YES;
				CLANG_WARN_ENUM_CONVERSION = YES;
				CLANG_WARN_INFINITE_RECURSION = YES;
				CLANG_WARN_INT_CONVERSION = YES;
				CLANG_WARN_NON_LITERAL_NULL_CONVERSION = YES;
				CLANG_WARN_OBJC_IMPLICIT_RETAIN_SELF = YES;
				CLANG_WARN_OBJC_LITERAL_CONVERSION = YES;
				CLANG_WARN_OBJC_ROOT_CLASS = YES_ERROR;
				CLANG_WARN_QUOTED_INCLUDE_IN_FRAMEWORK_HEADER = YES;
				CLANG_WARN_RANGE_LOOP_ANALYSIS = YES;
				CLANG_WARN_STRICT_PROTOTYPES = YES;
				CLANG_WARN_SUSPICIOUS_MOVE = YES;
				CLANG_WARN_UNGUARDED_AVAILABILITY = YES_AGGRESSIVE;
				CLANG_WARN_UNREACHABLE_CODE = YES;
				CLANG_WARN__DUPLICATE_METHOD_MATCH = YES;
				COPY_PHASE_STRIP = NO;
				DEBUG_INFORMATION_FORMAT = "dwarf-with-dsym";
				ENABLE_NS_ASSERTIONS = NO;
				ENABLE_STRICT_OBJC_MSGSEND = YES;
				GCC_C_LANGUAGE_STANDARD = gnu11;
				GCC_NO_COMMON_BLOCKS = YES;
				GCC_WARN_64_TO_32_BIT_CONVERSION = YES;
				GCC_WARN_ABOUT_RETURN_TYPE = YES_ERROR;
				GCC_WARN_UNDECLARED_SELECTOR = YES;
				GCC_WARN_UNINITIALIZED_AUTOS = YES_AGGRESSIVE;
				GCC_WARN_UNUSED_FUNCTION = YES;
				GCC_WARN_UNUSED_VARIABLE = YES;
				MTL_ENABLE_DEBUG_INFO = NO;
				MTL_FAST_MATH = YES;
				SWIFT_COMPILATION_MODE = wholemodule;
				SWIFT_OPTIMIZATION_LEVEL = "-O";
			};
			name = Release;
		};
		478578412AE6F76800DAB6A9 /* Debug */ = {
			isa = XCBuildConfiguration;
			buildSettings = {
				ASSETCATALOG_COMPILER_APPICON_NAME = AppIcon;
				ASSETCATALOG_COMPILER_GLOBAL_ACCENT_COLOR_NAME = AccentColor;
				CODE_SIGN_ENTITLEMENTS = "Workout App/Workout_App.entitlements";
				"CODE_SIGN_IDENTITY[sdk=macosx*]" = "Apple Development";
				CODE_SIGN_STYLE = Automatic;
				CURRENT_PROJECT_VERSION = 1;
				DEVELOPMENT_ASSET_PATHS = "\"Workout App/Preview Content\"";
				DEVELOPMENT_TEAM = 2J4E2G8W4C;
				ENABLE_HARDENED_RUNTIME = YES;
				ENABLE_PREVIEWS = YES;
				GENERATE_INFOPLIST_FILE = YES;
				"INFOPLIST_KEY_UIApplicationSceneManifest_Generation[sdk=iphoneos*]" = YES;
				"INFOPLIST_KEY_UIApplicationSceneManifest_Generation[sdk=iphonesimulator*]" = YES;
				"INFOPLIST_KEY_UIApplicationSupportsIndirectInputEvents[sdk=iphoneos*]" = YES;
				"INFOPLIST_KEY_UIApplicationSupportsIndirectInputEvents[sdk=iphonesimulator*]" = YES;
				"INFOPLIST_KEY_UILaunchScreen_Generation[sdk=iphoneos*]" = YES;
				"INFOPLIST_KEY_UILaunchScreen_Generation[sdk=iphonesimulator*]" = YES;
				"INFOPLIST_KEY_UIStatusBarStyle[sdk=iphoneos*]" = UIStatusBarStyleDefault;
				"INFOPLIST_KEY_UIStatusBarStyle[sdk=iphonesimulator*]" = UIStatusBarStyleDefault;
				INFOPLIST_KEY_UISupportedInterfaceOrientations_iPad = "UIInterfaceOrientationPortrait UIInterfaceOrientationPortraitUpsideDown UIInterfaceOrientationLandscapeLeft UIInterfaceOrientationLandscapeRight";
				INFOPLIST_KEY_UISupportedInterfaceOrientations_iPhone = "UIInterfaceOrientationPortrait UIInterfaceOrientationLandscapeLeft UIInterfaceOrientationLandscapeRight";
				IPHONEOS_DEPLOYMENT_TARGET = 16.4;
				LD_RUNPATH_SEARCH_PATHS = "@executable_path/Frameworks";
				"LD_RUNPATH_SEARCH_PATHS[sdk=macosx*]" = "@executable_path/../Frameworks";
				MACOSX_DEPLOYMENT_TARGET = 13.3;
				MARKETING_VERSION = 1.0;
				PRODUCT_BUNDLE_IDENTIFIER = "com.developeradam.workout-app.Workout-App";
				PRODUCT_NAME = "$(TARGET_NAME)";
				SDKROOT = auto;
				SUPPORTED_PLATFORMS = "iphoneos iphonesimulator macosx";
				SWIFT_EMIT_LOC_STRINGS = YES;
				SWIFT_VERSION = 5.0;
				TARGETED_DEVICE_FAMILY = "1,2";
			};
			name = Debug;
		};
		478578422AE6F76800DAB6A9 /* Release */ = {
			isa = XCBuildConfiguration;
			buildSettings = {
				ASSETCATALOG_COMPILER_APPICON_NAME = AppIcon;
				ASSETCATALOG_COMPILER_GLOBAL_ACCENT_COLOR_NAME = AccentColor;
				CODE_SIGN_ENTITLEMENTS = "Workout App/Workout_App.entitlements";
				"CODE_SIGN_IDENTITY[sdk=macosx*]" = "Apple Development";
				CODE_SIGN_STYLE = Automatic;
				CURRENT_PROJECT_VERSION = 1;
				DEVELOPMENT_ASSET_PATHS = "\"Workout App/Preview Content\"";
				DEVELOPMENT_TEAM = 2J4E2G8W4C;
				ENABLE_HARDENED_RUNTIME = YES;
				ENABLE_PREVIEWS = YES;
				GENERATE_INFOPLIST_FILE = YES;
				"INFOPLIST_KEY_UIApplicationSceneManifest_Generation[sdk=iphoneos*]" = YES;
				"INFOPLIST_KEY_UIApplicationSceneManifest_Generation[sdk=iphonesimulator*]" = YES;
				"INFOPLIST_KEY_UIApplicationSupportsIndirectInputEvents[sdk=iphoneos*]" = YES;
				"INFOPLIST_KEY_UIApplicationSupportsIndirectInputEvents[sdk=iphonesimulator*]" = YES;
				"INFOPLIST_KEY_UILaunchScreen_Generation[sdk=iphoneos*]" = YES;
				"INFOPLIST_KEY_UILaunchScreen_Generation[sdk=iphonesimulator*]" = YES;
				"INFOPLIST_KEY_UIStatusBarStyle[sdk=iphoneos*]" = UIStatusBarStyleDefault;
				"INFOPLIST_KEY_UIStatusBarStyle[sdk=iphonesimulator*]" = UIStatusBarStyleDefault;
				INFOPLIST_KEY_UISupportedInterfaceOrientations_iPad = "UIInterfaceOrientationPortrait UIInterfaceOrientationPortraitUpsideDown UIInterfaceOrientationLandscapeLeft UIInterfaceOrientationLandscapeRight";
				INFOPLIST_KEY_UISupportedInterfaceOrientations_iPhone = "UIInterfaceOrientationPortrait UIInterfaceOrientationLandscapeLeft UIInterfaceOrientationLandscapeRight";
				IPHONEOS_DEPLOYMENT_TARGET = 16.4;
				LD_RUNPATH_SEARCH_PATHS = "@executable_path/Frameworks";
				"LD_RUNPATH_SEARCH_PATHS[sdk=macosx*]" = "@executable_path/../Frameworks";
				MACOSX_DEPLOYMENT_TARGET = 13.3;
				MARKETING_VERSION = 1.0;
				PRODUCT_BUNDLE_IDENTIFIER = "com.developeradam.workout-app.Workout-App";
				PRODUCT_NAME = "$(TARGET_NAME)";
				SDKROOT = auto;
				SUPPORTED_PLATFORMS = "iphoneos iphonesimulator macosx";
				SWIFT_EMIT_LOC_STRINGS = YES;
				SWIFT_VERSION = 5.0;
				TARGETED_DEVICE_FAMILY = "1,2";
			};
			name = Release;
		};
		478578442AE6F76800DAB6A9 /* Debug */ = {
			isa = XCBuildConfiguration;
			buildSettings = {
				ALWAYS_EMBED_SWIFT_STANDARD_LIBRARIES = YES;
				BUNDLE_LOADER = "$(TEST_HOST)";
				CODE_SIGN_STYLE = Automatic;
				CURRENT_PROJECT_VERSION = 1;
				DEVELOPMENT_TEAM = 2J4E2G8W4C;
				GENERATE_INFOPLIST_FILE = YES;
				IPHONEOS_DEPLOYMENT_TARGET = 16.4;
				MACOSX_DEPLOYMENT_TARGET = 13.3;
				MARKETING_VERSION = 1.0;
				PRODUCT_BUNDLE_IDENTIFIER = "com.developeradam.workout-app.Workout-AppTests";
				PRODUCT_NAME = "$(TARGET_NAME)";
				SDKROOT = auto;
				SUPPORTED_PLATFORMS = "iphoneos iphonesimulator macosx";
				SWIFT_EMIT_LOC_STRINGS = NO;
				SWIFT_VERSION = 5.0;
				TARGETED_DEVICE_FAMILY = "1,2";
				TEST_HOST = "$(BUILT_PRODUCTS_DIR)/Workout App.app/$(BUNDLE_EXECUTABLE_FOLDER_PATH)/Workout App";
			};
			name = Debug;
		};
		478578452AE6F76800DAB6A9 /* Release */ = {
			isa = XCBuildConfiguration;
			buildSettings = {
				ALWAYS_EMBED_SWIFT_STANDARD_LIBRARIES = YES;
				BUNDLE_LOADER = "$(TEST_HOST)";
				CODE_SIGN_STYLE = Automatic;
				CURRENT_PROJECT_VERSION = 1;
				DEVELOPMENT_TEAM = 2J4E2G8W4C;
				GENERATE_INFOPLIST_FILE = YES;
				IPHONEOS_DEPLOYMENT_TARGET = 16.4;
				MACOSX_DEPLOYMENT_TARGET = 13.3;
				MARKETING_VERSION = 1.0;
				PRODUCT_BUNDLE_IDENTIFIER = "com.developeradam.workout-app.Workout-AppTests";
				PRODUCT_NAME = "$(TARGET_NAME)";
				SDKROOT = auto;
				SUPPORTED_PLATFORMS = "iphoneos iphonesimulator macosx";
				SWIFT_EMIT_LOC_STRINGS = NO;
				SWIFT_VERSION = 5.0;
				TARGETED_DEVICE_FAMILY = "1,2";
				TEST_HOST = "$(BUILT_PRODUCTS_DIR)/Workout App.app/$(BUNDLE_EXECUTABLE_FOLDER_PATH)/Workout App";
			};
			name = Release;
		};
		478578472AE6F76800DAB6A9 /* Debug */ = {
			isa = XCBuildConfiguration;
			buildSettings = {
				ALWAYS_EMBED_SWIFT_STANDARD_LIBRARIES = YES;
				CODE_SIGN_STYLE = Automatic;
				CURRENT_PROJECT_VERSION = 1;
				DEVELOPMENT_TEAM = 2J4E2G8W4C;
				GENERATE_INFOPLIST_FILE = YES;
				IPHONEOS_DEPLOYMENT_TARGET = 16.4;
				MACOSX_DEPLOYMENT_TARGET = 13.3;
				MARKETING_VERSION = 1.0;
				PRODUCT_BUNDLE_IDENTIFIER = "com.developeradam.workout-app.Workout-AppUITests";
				PRODUCT_NAME = "$(TARGET_NAME)";
				SDKROOT = auto;
				SUPPORTED_PLATFORMS = "iphoneos iphonesimulator macosx";
				SWIFT_EMIT_LOC_STRINGS = NO;
				SWIFT_VERSION = 5.0;
				TARGETED_DEVICE_FAMILY = "1,2";
				TEST_TARGET_NAME = "Workout App";
			};
			name = Debug;
		};
		478578482AE6F76800DAB6A9 /* Release */ = {
			isa = XCBuildConfiguration;
			buildSettings = {
				ALWAYS_EMBED_SWIFT_STANDARD_LIBRARIES = YES;
				CODE_SIGN_STYLE = Automatic;
				CURRENT_PROJECT_VERSION = 1;
				DEVELOPMENT_TEAM = 2J4E2G8W4C;
				GENERATE_INFOPLIST_FILE = YES;
				IPHONEOS_DEPLOYMENT_TARGET = 16.4;
				MACOSX_DEPLOYMENT_TARGET = 13.3;
				MARKETING_VERSION = 1.0;
				PRODUCT_BUNDLE_IDENTIFIER = "com.developeradam.workout-app.Workout-AppUITests";
				PRODUCT_NAME = "$(TARGET_NAME)";
				SDKROOT = auto;
				SUPPORTED_PLATFORMS = "iphoneos iphonesimulator macosx";
				SWIFT_EMIT_LOC_STRINGS = NO;
				SWIFT_VERSION = 5.0;
				TARGETED_DEVICE_FAMILY = "1,2";
				TEST_TARGET_NAME = "Workout App";
			};
			name = Release;
		};
/* End XCBuildConfiguration section */

/* Begin XCConfigurationList section */
		478578162AE6F76700DAB6A9 /* Build configuration list for PBXProject "Workout App" */ = {
			isa = XCConfigurationList;
			buildConfigurations = (
				4785783E2AE6F76800DAB6A9 /* Debug */,
				4785783F2AE6F76800DAB6A9 /* Release */,
			);
			defaultConfigurationIsVisible = 0;
			defaultConfigurationName = Release;
		};
		478578402AE6F76800DAB6A9 /* Build configuration list for PBXNativeTarget "Workout App" */ = {
			isa = XCConfigurationList;
			buildConfigurations = (
				478578412AE6F76800DAB6A9 /* Debug */,
				478578422AE6F76800DAB6A9 /* Release */,
			);
			defaultConfigurationIsVisible = 0;
			defaultConfigurationName = Release;
		};
		478578432AE6F76800DAB6A9 /* Build configuration list for PBXNativeTarget "Workout AppTests" */ = {
			isa = XCConfigurationList;
			buildConfigurations = (
				478578442AE6F76800DAB6A9 /* Debug */,
				478578452AE6F76800DAB6A9 /* Release */,
			);
			defaultConfigurationIsVisible = 0;
			defaultConfigurationName = Release;
		};
		478578462AE6F76800DAB6A9 /* Build configuration list for PBXNativeTarget "Workout AppUITests" */ = {
			isa = XCConfigurationList;
			buildConfigurations = (
				478578472AE6F76800DAB6A9 /* Debug */,
				478578482AE6F76800DAB6A9 /* Release */,
			);
			defaultConfigurationIsVisible = 0;
			defaultConfigurationName = Release;
		};
/* End XCConfigurationList section */
	};
	rootObject = 478578132AE6F76700DAB6A9 /* Project object */;
}
